
Microsoft Visual Studio Solution File, Format Version 12.00
# Visual Studio 16
Project("{8BC9CEB8-8B4A-11D0-8D11-00A0C91BC942}") = "GameEngine2D", "GameEngine2D\GameEngine2D.vcxproj", "{CB9F0CDB-B702-9C7F-6088-D4354CCA6702}"
EndProject
Global
	GlobalSection(SolutionConfigurationPlatforms) = preSolution
		Debug|Win32 = Debug|Win32
		Release|Win32 = Release|Win32
	EndGlobalSection
	GlobalSection(ProjectConfigurationPlatforms) = postSolution
		{CB9F0CDB-B702-9C7F-6088-D4354CCA6702}.Debug|Win32.ActiveCfg = Debug|Win32
		{CB9F0CDB-B702-9C7F-6088-D4354CCA6702}.Debug|Win32.Build.0 = Debug|Win32
		{CB9F0CDB-B702-9C7F-6088-D4354CCA6702}.Release|Win32.ActiveCfg = Release|Win32
		{CB9F0CDB-B702-9C7F-6088-D4354CCA6702}.Release|Win32.Build.0 = Release|Win32
	EndGlobalSection
	GlobalSection(SolutionProperties) = preSolution
		HideSolutionNode = FALSE
	EndGlobalSection
EndGlobal
