<?xml version="1.0" encoding="utf-8"?>
<Project ToolsVersion="4.0" xmlns="http://schemas.microsoft.com/developer/msbuild/2003">
  <ItemGroup>
    <Filter Include="Assets">
      <UniqueIdentifier>{3824E0A7-24C6-0A7E-0D81-1ED2F9C191CE}</UniqueIdentifier>
    </Filter>
    <Filter Include="Camera">
      <UniqueIdentifier>{CE7141AB-BA13-6C81-A3CE-7FD58F0FF3D1}</UniqueIdentifier>
    </Filter>
    <Filter Include="Collision">
      <UniqueIdentifier>{B11A655C-1D85-19D3-66C3-CA78D26CF727}</UniqueIdentifier>
    </Filter>
    <Filter Include="Common">
      <UniqueIdentifier>{8EEA3EAC-7A8C-6982-6347-7DD64F88F0D2}</UniqueIdentifier>
    </Filter>
    <Filter Include="Component">
      <UniqueIdentifier>{F8BD1DB3-6428-D229-AD66-83CF1910B07E}</UniqueIdentifier>
    </Filter>
    <Filter Include="Component\Scripts">
      <UniqueIdentifier>{2F1D897C-9B33-8712-E4AA-12345000589A}</UniqueIdentifier>
    </Filter>
    <Filter Include="Component\Transform">
      <UniqueIdentifier>{C36BD7FE-2FCD-B40C-B83A-FBBE249BEBCB}</UniqueIdentifier>
    </Filter>
    <Filter Include="Entity">
      <UniqueIdentifier>{A2E9DAB0-8E8B-0587-7746-19DB63878CD7}</UniqueIdentifier>
    </Filter>
    <Filter Include="Game">
      <UniqueIdentifier>{7FA9857C-6BE0-860D-14CD-6C1000E3020F}</UniqueIdentifier>
    </Filter>
    <Filter Include="Input">
      <UniqueIdentifier>{953A660D-014F-8EBE-CAD0-311E36A48AEF}</UniqueIdentifier>
    </Filter>
    <Filter Include="Log">
      <UniqueIdentifier>{E704880B-530E-887C-DC89-9E7C4892937C}</UniqueIdentifier>
    </Filter>
    <Filter Include="LuaSupport">
      <UniqueIdentifier>{2492D938-104A-1B86-7951-F4E16528B676}</UniqueIdentifier>
    </Filter>
    <Filter Include="TileMap">
      <UniqueIdentifier>{F143A442-5D23-23DE-663B-AEB4D299893F}</UniqueIdentifier>
    </Filter>
  </ItemGroup>
  <ItemGroup>
    <ClInclude Include="src\Assets\AssetManager.h">
      <Filter>Assets</Filter>
    </ClInclude>
    <ClInclude Include="src\Assets\Font.h">
      <Filter>Assets</Filter>
    </ClInclude>
    <ClInclude Include="src\Assets\FontManager.h">
      <Filter>Assets</Filter>
    </ClInclude>
    <ClInclude Include="src\Assets\Texture.h">
      <Filter>Assets</Filter>
    </ClInclude>
    <ClInclude Include="src\Assets\TextureManager.h">
      <Filter>Assets</Filter>
    </ClInclude>
    <ClInclude Include="src\BuildOptions.h" />
    <ClInclude Include="src\Camera\Camera.h">
      <Filter>Camera</Filter>
    </ClInclude>
    <ClInclude Include="src\Collision\CollisionHelper.h">
      <Filter>Collision</Filter>
    </ClInclude>
    <ClInclude Include="src\Collision\CollisionInfo.h">
      <Filter>Collision</Filter>
    </ClInclude>
    <ClInclude Include="src\Collision\CollisionManager.h">
      <Filter>Collision</Filter>
    </ClInclude>
    <ClInclude Include="src\Collision\Rect.h">
      <Filter>Collision</Filter>
    </ClInclude>
    <ClInclude Include="src\Common\FileHelper.h">
      <Filter>Common</Filter>
    </ClInclude>
    <ClInclude Include="src\Common\MathHelper.h">
      <Filter>Common</Filter>
    </ClInclude>
    <ClInclude Include="src\Common\StringHelper.h">
      <Filter>Common</Filter>
    </ClInclude>
    <ClInclude Include="src\Component\AnimationComponent.h">
      <Filter>Component</Filter>
    </ClInclude>
    <ClInclude Include="src\Component\BoxColliderComponent.h">
      <Filter>Component</Filter>
    </ClInclude>
    <ClInclude Include="src\Component\Component.h">
      <Filter>Component</Filter>
    </ClInclude>
    <ClInclude Include="src\Component\PlayerControllerComponent.h">
      <Filter>Component</Filter>
    </ClInclude>
    <ClInclude Include="src\Component\Scripts\EnemyMovementScript.h">
      <Filter>Component\Scripts</Filter>
    </ClInclude>
    <ClInclude Include="src\Component\SelfDestructComponent.h">
      <Filter>Component</Filter>
    </ClInclude>
    <ClInclude Include="src\Component\SpriteComponent.h">
      <Filter>Component</Filter>
    </ClInclude>
    <ClInclude Include="src\Component\Transform\TransformComponent.h">
      <Filter>Component\Transform</Filter>
    </ClInclude>
    <ClInclude Include="src\Component\Transform\TransformPartialComponent.h">
      <Filter>Component\Transform</Filter>
    </ClInclude>
    <ClInclude Include="src\Component\Transform\TransformUIComponent.h">
      <Filter>Component\Transform</Filter>
    </ClInclude>
    <ClInclude Include="src\Component\UITextComponent.h">
      <Filter>Component</Filter>
    </ClInclude>
    <ClInclude Include="src\Constants.h" />
    <ClInclude Include="src\Entity\Entity.h">
      <Filter>Entity</Filter>
    </ClInclude>
    <ClInclude Include="src\Entity\EntityManager.h">
      <Filter>Entity</Filter>
    </ClInclude>
    <ClInclude Include="src\Game\Game.h">
      <Filter>Game</Filter>
    </ClInclude>
    <ClInclude Include="src\Input\InputManager.h">
      <Filter>Input</Filter>
    </ClInclude>
    <ClInclude Include="src\Log\Log.h">
      <Filter>Log</Filter>
    </ClInclude>
    <ClInclude Include="src\LuaSupport\LuaSupport.h">
      <Filter>LuaSupport</Filter>
    </ClInclude>
    <ClInclude Include="src\TileMap\Map.h">
      <Filter>TileMap</Filter>
    </ClInclude>
    <ClInclude Include="src\pch.h" />
    <ClInclude Include="src\Entity\Entity.hpp" />
  </ItemGroup>
  <ItemGroup>
    <ClCompile Include="src\Assets\AssetManager.cpp">
      <Filter>Assets</Filter>
    </ClCompile>
    <ClCompile Include="src\Assets\Font.cpp">
      <Filter>Assets</Filter>
    </ClCompile>
    <ClCompile Include="src\Assets\FontManager.cpp">
      <Filter>Assets</Filter>
    </ClCompile>
    <ClCompile Include="src\Assets\Texture.cpp">
      <Filter>Assets</Filter>
    </ClCompile>
    <ClCompile Include="src\Assets\TextureManager.cpp">
      <Filter>Assets</Filter>
    </ClCompile>
    <ClCompile Include="src\Camera\Camera.cpp">
      <Filter>Camera</Filter>
    </ClCompile>
    <ClCompile Include="src\Collision\CollisionHelper.cpp">
      <Filter>Collision</Filter>
    </ClCompile>
    <ClCompile Include="src\Collision\CollisionInfo.cpp">
      <Filter>Collision</Filter>
    </ClCompile>
    <ClCompile Include="src\Collision\CollisionManager.cpp">
      <Filter>Collision</Filter>
    </ClCompile>
    <ClCompile Include="src\Collision\Rect.cpp">
      <Filter>Collision</Filter>
    </ClCompile>
    <ClCompile Include="src\Common\FileHelper.cpp">
      <Filter>Common</Filter>
    </ClCompile>
    <ClCompile Include="src\Common\MathHelper.cpp">
      <Filter>Common</Filter>
    </ClCompile>
    <ClCompile Include="src\Common\StringHelper.cpp">
      <Filter>Common</Filter>
    </ClCompile>
    <ClCompile Include="src\Component\AnimationComponent.cpp">
      <Filter>Component</Filter>
    </ClCompile>
    <ClCompile Include="src\Component\BoxColliderComponent.cpp">
      <Filter>Component</Filter>
    </ClCompile>
    <ClCompile Include="src\Component\Component.cpp">
      <Filter>Component</Filter>
    </ClCompile>
    <ClCompile Include="src\Component\PlayerControllerComponent.cpp">
      <Filter>Component</Filter>
    </ClCompile>
    <ClCompile Include="src\Component\Scripts\EnemyMovementScript.cpp">
      <Filter>Component\Scripts</Filter>
    </ClCompile>
    <ClCompile Include="src\Component\SelfDestructComponent.cpp">
      <Filter>Component</Filter>
    </ClCompile>
    <ClCompile Include="src\Component\SpriteComponent.cpp">
      <Filter>Component</Filter>
    </ClCompile>
    <ClCompile Include="src\Component\Transform\TransformComponent.cpp">
      <Filter>Component\Transform</Filter>
    </ClCompile>
    <ClCompile Include="src\Component\Transform\TransformPartialComponent.cpp">
      <Filter>Component\Transform</Filter>
    </ClCompile>
    <ClCompile Include="src\Component\Transform\TransformUIComponent.cpp">
      <Filter>Component\Transform</Filter>
    </ClCompile>
    <ClCompile Include="src\Component\UITextComponent.cpp">
      <Filter>Component</Filter>
    </ClCompile>
    <ClCompile Include="src\Entity\Entity.cpp">
      <Filter>Entity</Filter>
    </ClCompile>
    <ClCompile Include="src\Entity\EntityManager.cpp">
      <Filter>Entity</Filter>
    </ClCompile>
    <ClCompile Include="src\Game\Game.cpp">
      <Filter>Game</Filter>
    </ClCompile>
    <ClCompile Include="src\Input\InputManager.cpp">
      <Filter>Input</Filter>
    </ClCompile>
    <ClCompile Include="src\Log\Log.cpp">
      <Filter>Log</Filter>
    </ClCompile>
    <ClCompile Include="src\LuaSupport\LuaSupportLoad.cpp">
      <Filter>LuaSupport</Filter>
    </ClCompile>
    <ClCompile Include="src\LuaSupport\LuaSupportSave.cpp">
      <Filter>LuaSupport</Filter>
    </ClCompile>
    <ClCompile Include="src\Main.cpp" />
    <ClCompile Include="src\TileMap\Map.cpp">
      <Filter>TileMap</Filter>
    </ClCompile>
    <ClCompile Include="src\pch.cpp" />
  </ItemGroup>
</Project>